
Microsoft Visual Studio Solution File, Format Version 12.00
# Visual Studio Version 16
VisualStudioVersion = 16.0.31402.337
MinimumVisualStudioVersion = 10.0.40219.1
Project("{9A19103F-16F7-4668-BE54-9A1E7A4F7556}") = "BindingAnalyzer", "BindingAnalyzer\BindingAnalyzer.csproj", "{4FDEC114-2A1B-46ED-9EC5-4278E8FECCE9}"
EndProject
Project("{9A19103F-16F7-4668-BE54-9A1E7A4F7556}") = "SpecFlowCodeAnalyzers", "SpecFlowCodeAnalyzers\SpecFlowCodeAnalyzers\SpecFlowCodeAnalyzers.csproj", "{43695BAE-7770-4E92-A6D4-97C20C2F7852}"
EndProject
Project("{9A19103F-16F7-4668-BE54-9A1E7A4F7556}") = "SpecFlowCodeAnalyzers.Package", "SpecFlowCodeAnalyzers\SpecFlowCodeAnalyzers.Package\SpecFlowCodeAnalyzers.Package.csproj", "{14784938-45D6-4608-AD7F-FDF9390C2613}"
EndProject
Project("{9A19103F-16F7-4668-BE54-9A1E7A4F7556}") = "SpecFlowCodeAnalyzers.Test", "SpecFlowCodeAnalyzers\SpecFlowCodeAnalyzers.Test\SpecFlowCodeAnalyzers.Test.csproj", "{E45895CA-2218-4BA3-BF04-089376D75843}"
EndProject
Project("{9A19103F-16F7-4668-BE54-9A1E7A4F7556}") = "SpecFlowCodeAnalyzers.Vsix", "SpecFlowCodeAnalyzers\SpecFlowCodeAnalyzers.Vsix\SpecFlowCodeAnalyzers.Vsix.csproj", "{C4DFCA9D-467B-49B2-BD25-E0EE35628508}"
EndProject
Project("{9A19103F-16F7-4668-BE54-9A1E7A4F7556}") = "SpecFlowCodeAnalyzers.CodeFixes", "SpecFlowCodeAnalyzers\SpecFlowCodeAnalyzers.CodeFixes\SpecFlowCodeAnalyzers.CodeFixes.csproj", "{93CAC053-DD96-47DA-970A-65960F8DD0D7}"
EndProject
Global
	GlobalSection(SolutionConfigurationPlatforms) = preSolution
		Debug|Any CPU = Debug|Any CPU
		Release|Any CPU = Release|Any CPU
	EndGlobalSection
	GlobalSection(ProjectConfigurationPlatforms) = postSolution
		{4FDEC114-2A1B-46ED-9EC5-4278E8FECCE9}.Debug|Any CPU.ActiveCfg = Debug|Any CPU
		{4FDEC114-2A1B-46ED-9EC5-4278E8FECCE9}.Debug|Any CPU.Build.0 = Debug|Any CPU
		{4FDEC114-2A1B-46ED-9EC5-4278E8FECCE9}.Release|Any CPU.ActiveCfg = Release|Any CPU
		{4FDEC114-2A1B-46ED-9EC5-4278E8FECCE9}.Release|Any CPU.Build.0 = Release|Any CPU
		{43695BAE-7770-4E92-A6D4-97C20C2F7852}.Debug|Any CPU.ActiveCfg = Debug|Any CPU
		{43695BAE-7770-4E92-A6D4-97C20C2F7852}.Debug|Any CPU.Build.0 = Debug|Any CPU
		{43695BAE-7770-4E92-A6D4-97C20C2F7852}.Release|Any CPU.ActiveCfg = Release|Any CPU
		{43695BAE-7770-4E92-A6D4-97C20C2F7852}.Release|Any CPU.Build.0 = Release|Any CPU
		{14784938-45D6-4608-AD7F-FDF9390C2613}.Debug|Any CPU.ActiveCfg = Debug|Any CPU
		{14784938-45D6-4608-AD7F-FDF9390C2613}.Debug|Any CPU.Build.0 = Debug|Any CPU
		{14784938-45D6-4608-AD7F-FDF9390C2613}.Release|Any CPU.ActiveCfg = Release|Any CPU
		{14784938-45D6-4608-AD7F-FDF9390C2613}.Release|Any CPU.Build.0 = Release|Any CPU
		{E45895CA-2218-4BA3-BF04-089376D75843}.Debug|Any CPU.ActiveCfg = Debug|Any CPU
		{E45895CA-2218-4BA3-BF04-089376D75843}.Debug|Any CPU.Build.0 = Debug|Any CPU
		{E45895CA-2218-4BA3-BF04-089376D75843}.Release|Any CPU.ActiveCfg = Release|Any CPU
		{E45895CA-2218-4BA3-BF04-089376D75843}.Release|Any CPU.Build.0 = Release|Any CPU
		{C4DFCA9D-467B-49B2-BD25-E0EE35628508}.Debug|Any CPU.ActiveCfg = Debug|Any CPU
		{C4DFCA9D-467B-49B2-BD25-E0EE35628508}.Debug|Any CPU.Build.0 = Debug|Any CPU
		{C4DFCA9D-467B-49B2-BD25-E0EE35628508}.Release|Any CPU.ActiveCfg = Release|Any CPU
		{C4DFCA9D-467B-49B2-BD25-E0EE35628508}.Release|Any CPU.Build.0 = Release|Any CPU
		{93CAC053-DD96-47DA-970A-65960F8DD0D7}.Debug|Any CPU.ActiveCfg = Debug|Any CPU
		{93CAC053-DD96-47DA-970A-65960F8DD0D7}.Debug|Any CPU.Build.0 = Debug|Any CPU
		{93CAC053-DD96-47DA-970A-65960F8DD0D7}.Release|Any CPU.ActiveCfg = Release|Any CPU
		{93CAC053-DD96-47DA-970A-65960F8DD0D7}.Release|Any CPU.Build.0 = Release|Any CPU
	EndGlobalSection
	GlobalSection(SolutionProperties) = preSolution
		HideSolutionNode = FALSE
	EndGlobalSection
	GlobalSection(ExtensibilityGlobals) = postSolution
		SolutionGuid = {6019C202-BD18-4BD9-8C90-0B63EF380A46}
	EndGlobalSection
EndGlobal
